
Microsoft Visual Studio Solution File, Format Version 12.00
# Visual Studio Version 17
VisualStudioVersion = 17.0.32014.148
MinimumVisualStudioVersion = 10.0.40219.1
Project("{8BC9CEB8-8B4A-11D0-8D11-00A0C91BC942}") = "DSA_PracticalTask_1_Team3_Andrey", "DSA_PracticalTask_1_Team3_Andrey\DSA_PracticalTask_1_Team3_Andrey.vcxproj", "{2971022A-E5DF-412C-92B7-766A09E7D5CB}"
EndProject
Global
	GlobalSection(SolutionConfigurationPlatforms) = preSolution
		Debug|x64 = Debug|x64
		Debug|x86 = Debug|x86
		Release|x64 = Release|x64
		Release|x86 = Release|x86
	EndGlobalSection
	GlobalSection(ProjectConfigurationPlatforms) = postSolution
		{2971022A-E5DF-412C-92B7-766A09E7D5CB}.Debug|x64.ActiveCfg = Debug|x64
		{2971022A-E5DF-412C-92B7-766A09E7D5CB}.Debug|x64.Build.0 = Debug|x64
		{2971022A-E5DF-412C-92B7-766A09E7D5CB}.Debug|x86.ActiveCfg = Debug|Win32
		{2971022A-E5DF-412C-92B7-766A09E7D5CB}.Debug|x86.Build.0 = Debug|Win32
		{2971022A-E5DF-412C-92B7-766A09E7D5CB}.Release|x64.ActiveCfg = Release|x64
		{2971022A-E5DF-412C-92B7-766A09E7D5CB}.Release|x64.Build.0 = Release|x64
		{2971022A-E5DF-412C-92B7-766A09E7D5CB}.Release|x86.ActiveCfg = Release|Win32
		{2971022A-E5DF-412C-92B7-766A09E7D5CB}.Release|x86.Build.0 = Release|Win32
	EndGlobalSection
	GlobalSection(SolutionProperties) = preSolution
		HideSolutionNode = FALSE
	EndGlobalSection
	GlobalSection(ExtensibilityGlobals) = postSolution
		SolutionGuid = {2C76DBA7-11FC-42F5-89DE-0D42F4CB7F25}
	EndGlobalSection
EndGlobal
